
Microsoft Visual Studio Solution File, Format Version 12.00
# Visual Studio Version 17
VisualStudioVersion = 17.4.33205.214
MinimumVisualStudioVersion = 10.0.40219.1
Project("{FAE04EC0-301F-11D3-BF4B-00C04F79EFBC}") = "LabAnimal", "LabAnimal\LabAnimal.csproj", "{C468E07A-333E-4449-A034-A045917D581E}"
EndProject
Global
	GlobalSection(SolutionConfigurationPlatforms) = preSolution
		Debug|Any CPU = Debug|Any CPU
		Release|Any CPU = Release|Any CPU
	EndGlobalSection
	GlobalSection(ProjectConfigurationPlatforms) = postSolution
		{C468E07A-333E-4449-A034-A045917D581E}.Debug|Any CPU.ActiveCfg = Debug|Any CPU
		{C468E07A-333E-4449-A034-A045917D581E}.Debug|Any CPU.Build.0 = Debug|Any CPU
		{C468E07A-333E-4449-A034-A045917D581E}.Release|Any CPU.ActiveCfg = Release|Any CPU
		{C468E07A-333E-4449-A034-A045917D581E}.Release|Any CPU.Build.0 = Release|Any CPU
	EndGlobalSection
	GlobalSection(SolutionProperties) = preSolution
		HideSolutionNode = FALSE
	EndGlobalSection
	GlobalSection(ExtensibilityGlobals) = postSolution
		SolutionGuid = {64982932-B4D5-48C2-9E3D-31E8154018AD}
	EndGlobalSection
EndGlobal
